
Microsoft Visual Studio Solution File, Format Version 12.00
# Visual Studio Version 17
VisualStudioVersion = 17.4.33213.308
MinimumVisualStudioVersion = 10.0.40219.1
Project("{FAE04EC0-301F-11D3-BF4B-00C04F79EFBC}") = "ComboBox", "ComboBox.csproj", "{81D3E368-B991-419D-B2E3-5422567616CA}"
EndProject
Global
	GlobalSection(SolutionConfigurationPlatforms) = preSolution
		Debug|Any CPU = Debug|Any CPU
		Release|Any CPU = Release|Any CPU
	EndGlobalSection
	GlobalSection(ProjectConfigurationPlatforms) = postSolution
		{81D3E368-B991-419D-B2E3-5422567616CA}.Debug|Any CPU.ActiveCfg = Debug|Any CPU
		{81D3E368-B991-419D-B2E3-5422567616CA}.Debug|Any CPU.Build.0 = Debug|Any CPU
		{81D3E368-B991-419D-B2E3-5422567616CA}.Release|Any CPU.ActiveCfg = Release|Any CPU
		{81D3E368-B991-419D-B2E3-5422567616CA}.Release|Any CPU.Build.0 = Release|Any CPU
	EndGlobalSection
	GlobalSection(SolutionProperties) = preSolution
		HideSolutionNode = FALSE
	EndGlobalSection
	GlobalSection(ExtensibilityGlobals) = postSolution
		SolutionGuid = {0DE72C81-58B7-4DBF-8951-544904B2D3A0}
	EndGlobalSection
EndGlobal
