
Microsoft Visual Studio Solution File, Format Version 12.00
# Visual Studio Version 17
VisualStudioVersion = 17.4.33213.308
MinimumVisualStudioVersion = 10.0.40219.1
Project("{FAE04EC0-301F-11D3-BF4B-00C04F79EFBC}") = "LIstBox", "LIstBox.csproj", "{905B14E9-05B1-4EF6-AB50-2607061CC25B}"
EndProject
Global
	GlobalSection(SolutionConfigurationPlatforms) = preSolution
		Debug|Any CPU = Debug|Any CPU
		Release|Any CPU = Release|Any CPU
	EndGlobalSection
	GlobalSection(ProjectConfigurationPlatforms) = postSolution
		{905B14E9-05B1-4EF6-AB50-2607061CC25B}.Debug|Any CPU.ActiveCfg = Debug|Any CPU
		{905B14E9-05B1-4EF6-AB50-2607061CC25B}.Debug|Any CPU.Build.0 = Debug|Any CPU
		{905B14E9-05B1-4EF6-AB50-2607061CC25B}.Release|Any CPU.ActiveCfg = Release|Any CPU
		{905B14E9-05B1-4EF6-AB50-2607061CC25B}.Release|Any CPU.Build.0 = Release|Any CPU
	EndGlobalSection
	GlobalSection(SolutionProperties) = preSolution
		HideSolutionNode = FALSE
	EndGlobalSection
	GlobalSection(ExtensibilityGlobals) = postSolution
		SolutionGuid = {DE159B2E-58AB-457E-B974-D4152D81D90A}
	EndGlobalSection
EndGlobal
